// !$*UTF8*$!
{
	archiveVersion = 1;
	classes = {
	};
	objectVersion = 50;
	objects = {

/* Begin PBXBuildFile section */
		E80BCC68215CAEE3005A2D32 /* Flags.xcassets in Resources */ = {isa = PBXBuildFile; fileRef = E80BCC67215CAEE3005A2D32 /* Flags.xcassets */; };
		E80BCC6A215CB0BB005A2D32 /* Currency.xcassets in Resources */ = {isa = PBXBuildFile; fileRef = E80BCC69215CB0BB005A2D32 /* Currency.xcassets */; };
		E80BCC6C215CC063005A2D32 /* SwiftyJSON.framework in Frameworks */ = {isa = PBXBuildFile; fileRef = E80BCC6B215CC063005A2D32 /* SwiftyJSON.framework */; };
		E8209A20215A15B500C99660 /* ObjectMapper.framework in Frameworks */ = {isa = PBXBuildFile; fileRef = E8209A1E215A15B500C99660 /* ObjectMapper.framework */; };
		E8209A21215A15B500C99660 /* PromiseKit.framework in Frameworks */ = {isa = PBXBuildFile; fileRef = E8209A1F215A15B500C99660 /* PromiseKit.framework */; };
		E8BEA1382159FADD00208BD3 /* Result.swift in Sources */ = {isa = PBXBuildFile; fileRef = E8BEA1372159FADD00208BD3 /* Result.swift */; };
		E8BEA1412159FC4300208BD3 /* CurrencyPresenter.swift in Sources */ = {isa = PBXBuildFile; fileRef = E8BEA1402159FC4300208BD3 /* CurrencyPresenter.swift */; };
		E8BEA143215A081500208BD3 /* Error.swift in Sources */ = {isa = PBXBuildFile; fileRef = E8BEA142215A081500208BD3 /* Error.swift */; };
		E8BEA147215A0E9000208BD3 /* QueryBuilder.swift in Sources */ = {isa = PBXBuildFile; fileRef = E8BEA146215A0E9000208BD3 /* QueryBuilder.swift */; };
		E8BEA14F215A14BC00208BD3 /* CurrencyRates.swift in Sources */ = {isa = PBXBuildFile; fileRef = E8BEA14E215A14BC00208BD3 /* CurrencyRates.swift */; };
		E8F4A9AE2159707A008F807B /* AppDelegate.swift in Sources */ = {isa = PBXBuildFile; fileRef = E8F4A9AD2159707A008F807B /* AppDelegate.swift */; };
		E8F4A9B02159707A008F807B /* CurrencyListViewController.swift in Sources */ = {isa = PBXBuildFile; fileRef = E8F4A9AF2159707A008F807B /* CurrencyListViewController.swift */; };
		E8F4A9B32159707A008F807B /* Main.storyboard in Resources */ = {isa = PBXBuildFile; fileRef = E8F4A9B12159707A008F807B /* Main.storyboard */; };
		E8F4A9B52159707C008F807B /* Assets.xcassets in Resources */ = {isa = PBXBuildFile; fileRef = E8F4A9B42159707C008F807B /* Assets.xcassets */; };
		E8F4A9B82159707C008F807B /* LaunchScreen.storyboard in Resources */ = {isa = PBXBuildFile; fileRef = E8F4A9B62159707C008F807B /* LaunchScreen.storyboard */; };
		E8F4A9C32159707C008F807B /* CurrencyConverterTests.swift in Sources */ = {isa = PBXBuildFile; fileRef = E8F4A9C22159707C008F807B /* CurrencyConverterTests.swift */; };
		E8F4A9CE2159729A008F807B /* CurrencyTableViewCell.swift in Sources */ = {isa = PBXBuildFile; fileRef = E8F4A9CD2159729A008F807B /* CurrencyTableViewCell.swift */; };
		E8F4A9D02159746C008F807B /* CurrencyDataSource.swift in Sources */ = {isa = PBXBuildFile; fileRef = E8F4A9CF2159746C008F807B /* CurrencyDataSource.swift */; };
		E8F4A9D221597509008F807B /* Currency.swift in Sources */ = {isa = PBXBuildFile; fileRef = E8F4A9D121597509008F807B /* Currency.swift */; };
		E8F4A9D4215975C7008F807B /* CurrencyListInitializer.swift in Sources */ = {isa = PBXBuildFile; fileRef = E8F4A9D3215975C7008F807B /* CurrencyListInitializer.swift */; };
		E8F4A9D621597944008F807B /* CurrencyFetcher.swift in Sources */ = {isa = PBXBuildFile; fileRef = E8F4A9D521597944008F807B /* CurrencyFetcher.swift */; };
/* End PBXBuildFile section */

/* Begin PBXContainerItemProxy section */
		E8F4A9BF2159707C008F807B /* PBXContainerItemProxy */ = {
			isa = PBXContainerItemProxy;
			containerPortal = E8F4A9A221597079008F807B /* Project object */;
			proxyType = 1;
			remoteGlobalIDString = E8F4A9A921597079008F807B;
			remoteInfo = CurrencyConverter;
		};
/* End PBXContainerItemProxy section */

/* Begin PBXFileReference section */
		E80BCC67215CAEE3005A2D32 /* Flags.xcassets */ = {isa = PBXFileReference; lastKnownFileType = folder.assetcatalog; path = Flags.xcassets; sourceTree = "<group>"; };
		E80BCC69215CB0BB005A2D32 /* Currency.xcassets */ = {isa = PBXFileReference; lastKnownFileType = folder.assetcatalog; path = Currency.xcassets; sourceTree = "<group>"; };
		E80BCC6B215CC063005A2D32 /* SwiftyJSON.framework */ = {isa = PBXFileReference; lastKnownFileType = wrapper.framework; name = SwiftyJSON.framework; path = Carthage/Build/iOS/SwiftyJSON.framework; sourceTree = SOURCE_ROOT; };
		E8209A1E215A15B500C99660 /* ObjectMapper.framework */ = {isa = PBXFileReference; lastKnownFileType = wrapper.framework; name = ObjectMapper.framework; path = Carthage/Build/iOS/ObjectMapper.framework; sourceTree = SOURCE_ROOT; };
		E8209A1F215A15B500C99660 /* PromiseKit.framework */ = {isa = PBXFileReference; lastKnownFileType = wrapper.framework; name = PromiseKit.framework; path = Carthage/Build/iOS/PromiseKit.framework; sourceTree = SOURCE_ROOT; };
		E8BEA1372159FADD00208BD3 /* Result.swift */ = {isa = PBXFileReference; lastKnownFileType = sourcecode.swift; path = Result.swift; sourceTree = "<group>"; };
		E8BEA1402159FC4300208BD3 /* CurrencyPresenter.swift */ = {isa = PBXFileReference; lastKnownFileType = sourcecode.swift; path = CurrencyPresenter.swift; sourceTree = "<group>"; };
		E8BEA142215A081500208BD3 /* Error.swift */ = {isa = PBXFileReference; lastKnownFileType = sourcecode.swift; path = Error.swift; sourceTree = "<group>"; };
		E8BEA146215A0E9000208BD3 /* QueryBuilder.swift */ = {isa = PBXFileReference; lastKnownFileType = sourcecode.swift; path = QueryBuilder.swift; sourceTree = "<group>"; };
		E8BEA14E215A14BC00208BD3 /* CurrencyRates.swift */ = {isa = PBXFileReference; fileEncoding = 4; lastKnownFileType = sourcecode.swift; path = CurrencyRates.swift; sourceTree = "<group>"; };
		E8F4A9AA21597079008F807B /* CurrencyConverter.app */ = {isa = PBXFileReference; explicitFileType = wrapper.application; includeInIndex = 0; path = CurrencyConverter.app; sourceTree = BUILT_PRODUCTS_DIR; };
		E8F4A9AD2159707A008F807B /* AppDelegate.swift */ = {isa = PBXFileReference; lastKnownFileType = sourcecode.swift; path = AppDelegate.swift; sourceTree = "<group>"; };
		E8F4A9AF2159707A008F807B /* CurrencyListViewController.swift */ = {isa = PBXFileReference; lastKnownFileType = sourcecode.swift; path = CurrencyListViewController.swift; sourceTree = "<group>"; };
		E8F4A9B22159707A008F807B /* Base */ = {isa = PBXFileReference; lastKnownFileType = file.storyboard; name = Base; path = Base.lproj/Main.storyboard; sourceTree = "<group>"; };
		E8F4A9B42159707C008F807B /* Assets.xcassets */ = {isa = PBXFileReference; lastKnownFileType = folder.assetcatalog; path = Assets.xcassets; sourceTree = "<group>"; };
		E8F4A9B72159707C008F807B /* Base */ = {isa = PBXFileReference; lastKnownFileType = file.storyboard; name = Base; path = Base.lproj/LaunchScreen.storyboard; sourceTree = "<group>"; };
		E8F4A9B92159707C008F807B /* Info.plist */ = {isa = PBXFileReference; lastKnownFileType = text.plist.xml; path = Info.plist; sourceTree = "<group>"; };
		E8F4A9BE2159707C008F807B /* CurrencyConverterTests.xctest */ = {isa = PBXFileReference; explicitFileType = wrapper.cfbundle; includeInIndex = 0; path = CurrencyConverterTests.xctest; sourceTree = BUILT_PRODUCTS_DIR; };
		E8F4A9C22159707C008F807B /* CurrencyConverterTests.swift */ = {isa = PBXFileReference; lastKnownFileType = sourcecode.swift; path = CurrencyConverterTests.swift; sourceTree = "<group>"; };
		E8F4A9C42159707C008F807B /* Info.plist */ = {isa = PBXFileReference; lastKnownFileType = text.plist.xml; path = Info.plist; sourceTree = "<group>"; };
		E8F4A9CD2159729A008F807B /* CurrencyTableViewCell.swift */ = {isa = PBXFileReference; lastKnownFileType = sourcecode.swift; path = CurrencyTableViewCell.swift; sourceTree = "<group>"; };
		E8F4A9CF2159746C008F807B /* CurrencyDataSource.swift */ = {isa = PBXFileReference; lastKnownFileType = sourcecode.swift; path = CurrencyDataSource.swift; sourceTree = "<group>"; };
		E8F4A9D121597509008F807B /* Currency.swift */ = {isa = PBXFileReference; lastKnownFileType = sourcecode.swift; path = Currency.swift; sourceTree = "<group>"; };
		E8F4A9D3215975C7008F807B /* CurrencyListInitializer.swift */ = {isa = PBXFileReference; lastKnownFileType = sourcecode.swift; path = CurrencyListInitializer.swift; sourceTree = "<group>"; };
		E8F4A9D521597944008F807B /* CurrencyFetcher.swift */ = {isa = PBXFileReference; lastKnownFileType = sourcecode.swift; path = CurrencyFetcher.swift; sourceTree = "<group>"; };
/* End PBXFileReference section */

/* Begin PBXFrameworksBuildPhase section */
		E8F4A9A721597079008F807B /* Frameworks */ = {
			isa = PBXFrameworksBuildPhase;
			buildActionMask = 2147483647;
			files = (
				E8209A20215A15B500C99660 /* ObjectMapper.framework in Frameworks */,
				E8209A21215A15B500C99660 /* PromiseKit.framework in Frameworks */,
				E80BCC6C215CC063005A2D32 /* SwiftyJSON.framework in Frameworks */,
			);
			runOnlyForDeploymentPostprocessing = 0;
		};
		E8F4A9BB2159707C008F807B /* Frameworks */ = {
			isa = PBXFrameworksBuildPhase;
			buildActionMask = 2147483647;
			files = (
			);
			runOnlyForDeploymentPostprocessing = 0;
		};
/* End PBXFrameworksBuildPhase section */

/* Begin PBXGroup section */
		E8BEA1392159FB4600208BD3 /* Application */ = {
			isa = PBXGroup;
			children = (
				E8F4A9AD2159707A008F807B /* AppDelegate.swift */,
				E8F4A9B42159707C008F807B /* Assets.xcassets */,
				E8F4A9B62159707C008F807B /* LaunchScreen.storyboard */,
				E8F4A9B92159707C008F807B /* Info.plist */,
			);
			path = Application;
			sourceTree = "<group>";
		};
		E8BEA13A2159FB8600208BD3 /* Assembly */ = {
			isa = PBXGroup;
			children = (
				E8F4A9D3215975C7008F807B /* CurrencyListInitializer.swift */,
			);
			path = Assembly;
			sourceTree = "<group>";
		};
		E8BEA13B2159FB8D00208BD3 /* View */ = {
			isa = PBXGroup;
			children = (
				E8F4A9AF2159707A008F807B /* CurrencyListViewController.swift */,
				E8F4A9CD2159729A008F807B /* CurrencyTableViewCell.swift */,
			);
			path = View;
			sourceTree = "<group>";
		};
		E8BEA13C2159FB9900208BD3 /* Services */ = {
			isa = PBXGroup;
			children = (
				E8F4A9CF2159746C008F807B /* CurrencyDataSource.swift */,
				E8F4A9D521597944008F807B /* CurrencyFetcher.swift */,
				E8BEA146215A0E9000208BD3 /* QueryBuilder.swift */,
			);
			path = Services;
			sourceTree = "<group>";
		};
		E8BEA13D2159FBA600208BD3 /* Data */ = {
			isa = PBXGroup;
			children = (
				E8F4A9D121597509008F807B /* Currency.swift */,
				E8BEA14E215A14BC00208BD3 /* CurrencyRates.swift */,
				E8BEA1372159FADD00208BD3 /* Result.swift */,
				E8BEA142215A081500208BD3 /* Error.swift */,
			);
			path = Data;
			sourceTree = "<group>";
		};
		E8BEA13E2159FBAE00208BD3 /* Resources */ = {
			isa = PBXGroup;
			children = (
				E8F4A9B12159707A008F807B /* Main.storyboard */,
				E80BCC67215CAEE3005A2D32 /* Flags.xcassets */,
				E80BCC69215CB0BB005A2D32 /* Currency.xcassets */,
			);
			path = Resources;
			sourceTree = "<group>";
		};
		E8BEA13F2159FC2C00208BD3 /* Presenter */ = {
			isa = PBXGroup;
			children = (
				E8BEA1402159FC4300208BD3 /* CurrencyPresenter.swift */,
			);
			path = Presenter;
			sourceTree = "<group>";
		};
		E8BEA149215A144F00208BD3 /* Frameworks */ = {
			isa = PBXGroup;
			children = (
				E8209A1E215A15B500C99660 /* ObjectMapper.framework */,
				E8209A1F215A15B500C99660 /* PromiseKit.framework */,
				E80BCC6B215CC063005A2D32 /* SwiftyJSON.framework */,
			);
			name = Frameworks;
			sourceTree = "<group>";
		};
		E8F4A9A121597079008F807B = {
			isa = PBXGroup;
			children = (
				E8F4A9AC2159707A008F807B /* CurrencyConverter */,
				E8F4A9C12159707C008F807B /* CurrencyConverterTests */,
				E8F4A9AB21597079008F807B /* Products */,
			);
			sourceTree = "<group>";
		};
		E8F4A9AB21597079008F807B /* Products */ = {
			isa = PBXGroup;
			children = (
				E8F4A9AA21597079008F807B /* CurrencyConverter.app */,
				E8F4A9BE2159707C008F807B /* CurrencyConverterTests.xctest */,
			);
			name = Products;
			sourceTree = "<group>";
		};
		E8F4A9AC2159707A008F807B /* CurrencyConverter */ = {
			isa = PBXGroup;
			children = (
				E8BEA13A2159FB8600208BD3 /* Assembly */,
				E8BEA13F2159FC2C00208BD3 /* Presenter */,
				E8BEA13B2159FB8D00208BD3 /* View */,
				E8BEA13C2159FB9900208BD3 /* Services */,
				E8BEA13D2159FBA600208BD3 /* Data */,
				E8BEA13E2159FBAE00208BD3 /* Resources */,
				E8BEA1392159FB4600208BD3 /* Application */,
				E8BEA149215A144F00208BD3 /* Frameworks */,
			);
			path = CurrencyConverter;
			sourceTree = "<group>";
		};
		E8F4A9C12159707C008F807B /* CurrencyConverterTests */ = {
			isa = PBXGroup;
			children = (
				E8F4A9C22159707C008F807B /* CurrencyConverterTests.swift */,
				E8F4A9C42159707C008F807B /* Info.plist */,
			);
			path = CurrencyConverterTests;
			sourceTree = "<group>";
		};
/* End PBXGroup section */

/* Begin PBXNativeTarget section */
		E8F4A9A921597079008F807B /* CurrencyConverter */ = {
			isa = PBXNativeTarget;
			buildConfigurationList = E8F4A9C72159707C008F807B /* Build configuration list for PBXNativeTarget "CurrencyConverter" */;
			buildPhases = (
				E8F4A9A621597079008F807B /* Sources */,
				E8F4A9A721597079008F807B /* Frameworks */,
				E8F4A9A821597079008F807B /* Resources */,
				E8BEA148215A13DA00208BD3 /* Carthage */,
			);
			buildRules = (
			);
			dependencies = (
			);
			name = CurrencyConverter;
			productName = CurrencyConverter;
			productReference = E8F4A9AA21597079008F807B /* CurrencyConverter.app */;
			productType = "com.apple.product-type.application";
		};
		E8F4A9BD2159707C008F807B /* CurrencyConverterTests */ = {
			isa = PBXNativeTarget;
			buildConfigurationList = E8F4A9CA2159707C008F807B /* Build configuration list for PBXNativeTarget "CurrencyConverterTests" */;
			buildPhases = (
				E8F4A9BA2159707C008F807B /* Sources */,
				E8F4A9BB2159707C008F807B /* Frameworks */,
				E8F4A9BC2159707C008F807B /* Resources */,
			);
			buildRules = (
			);
			dependencies = (
				E8F4A9C02159707C008F807B /* PBXTargetDependency */,
			);
			name = CurrencyConverterTests;
			productName = CurrencyConverterTests;
			productReference = E8F4A9BE2159707C008F807B /* CurrencyConverterTests.xctest */;
			productType = "com.apple.product-type.bundle.unit-test";
		};
/* End PBXNativeTarget section */

/* Begin PBXProject section */
		E8F4A9A221597079008F807B /* Project object */ = {
			isa = PBXProject;
			attributes = {
				LastSwiftUpdateCheck = 1000;
				LastUpgradeCheck = 1000;
				ORGANIZATIONNAME = "Anton Pomozov";
				TargetAttributes = {
					E8F4A9A921597079008F807B = {
						CreatedOnToolsVersion = 10.0;
					};
					E8F4A9BD2159707C008F807B = {
						CreatedOnToolsVersion = 10.0;
						TestTargetID = E8F4A9A921597079008F807B;
					};
				};
			};
			buildConfigurationList = E8F4A9A521597079008F807B /* Build configuration list for PBXProject "CurrencyConverter" */;
			compatibilityVersion = "Xcode 9.3";
			developmentRegion = en;
			hasScannedForEncodings = 0;
			knownRegions = (
				en,
				Base,
			);
			mainGroup = E8F4A9A121597079008F807B;
			productRefGroup = E8F4A9AB21597079008F807B /* Products */;
			projectDirPath = "";
			projectRoot = "";
			targets = (
				E8F4A9A921597079008F807B /* CurrencyConverter */,
				E8F4A9BD2159707C008F807B /* CurrencyConverterTests */,
			);
		};
/* End PBXProject section */

/* Begin PBXResourcesBuildPhase section */
		E8F4A9A821597079008F807B /* Resources */ = {
			isa = PBXResourcesBuildPhase;
			buildActionMask = 2147483647;
			files = (
				E80BCC68215CAEE3005A2D32 /* Flags.xcassets in Resources */,
				E8F4A9B82159707C008F807B /* LaunchScreen.storyboard in Resources */,
				E8F4A9B52159707C008F807B /* Assets.xcassets in Resources */,
				E80BCC6A215CB0BB005A2D32 /* Currency.xcassets in Resources */,
				E8F4A9B32159707A008F807B /* Main.storyboard in Resources */,
			);
			runOnlyForDeploymentPostprocessing = 0;
		};
		E8F4A9BC2159707C008F807B /* Resources */ = {
			isa = PBXResourcesBuildPhase;
			buildActionMask = 2147483647;
			files = (
			);
			runOnlyForDeploymentPostprocessing = 0;
		};
/* End PBXResourcesBuildPhase section */

/* Begin PBXShellScriptBuildPhase section */
		E8BEA148215A13DA00208BD3 /* Carthage */ = {
			isa = PBXShellScriptBuildPhase;
			buildActionMask = 2147483647;
			files = (
			);
			inputFileListPaths = (
			);
			inputPaths = (
				"$(SRCROOT)/Carthage/Build/iOS/ObjectMapper.framework",
				"$(SRCROOT)/Carthage/Build/iOS/PromiseKit.framework",
				"$(SRCROOT)/Carthage/Build/iOS/SwiftyJSON.framework",
			);
			name = Carthage;
			outputFileListPaths = (
			);
			outputPaths = (
				"$(BUILT_PRODUCTS_DIR)/$(FRAMEWORKS_FOLDER_PATH)/ObjectMapper.framework",
				"$(BUILT_PRODUCTS_DIR)/$(FRAMEWORKS_FOLDER_PATH)/PromiseKit.framework",
				"$(BUILT_PRODUCTS_DIR)/$(FRAMEWORKS_FOLDER_PATH)/SwiftyJSON.framework",
			);
			runOnlyForDeploymentPostprocessing = 0;
			shellPath = /bin/sh;
			shellScript = "/usr/local/bin/carthage copy-frameworks\n";
		};
/* End PBXShellScriptBuildPhase section */

/* Begin PBXSourcesBuildPhase section */
		E8F4A9A621597079008F807B /* Sources */ = {
			isa = PBXSourcesBuildPhase;
			buildActionMask = 2147483647;
			files = (
				E8BEA14F215A14BC00208BD3 /* CurrencyRates.swift in Sources */,
				E8F4A9B02159707A008F807B /* CurrencyListViewController.swift in Sources */,
				E8F4A9D4215975C7008F807B /* CurrencyListInitializer.swift in Sources */,
				E8F4A9D621597944008F807B /* CurrencyFetcher.swift in Sources */,
				E8F4A9D221597509008F807B /* Currency.swift in Sources */,
				E8BEA1412159FC4300208BD3 /* CurrencyPresenter.swift in Sources */,
				E8BEA147215A0E9000208BD3 /* QueryBuilder.swift in Sources */,
				E8F4A9D02159746C008F807B /* CurrencyDataSource.swift in Sources */,
				E8F4A9CE2159729A008F807B /* CurrencyTableViewCell.swift in Sources */,
				E8BEA1382159FADD00208BD3 /* Result.swift in Sources */,
				E8BEA143215A081500208BD3 /* Error.swift in Sources */,
				E8F4A9AE2159707A008F807B /* AppDelegate.swift in Sources */,
			);
			runOnlyForDeploymentPostprocessing = 0;
		};
		E8F4A9BA2159707C008F807B /* Sources */ = {
			isa = PBXSourcesBuildPhase;
			buildActionMask = 2147483647;
			files = (
				E8F4A9C32159707C008F807B /* CurrencyConverterTests.swift in Sources */,
			);
			runOnlyForDeploymentPostprocessing = 0;
		};
/* End PBXSourcesBuildPhase section */

/* Begin PBXTargetDependency section */
		E8F4A9C02159707C008F807B /* PBXTargetDependency */ = {
			isa = PBXTargetDependency;
			target = E8F4A9A921597079008F807B /* CurrencyConverter */;
			targetProxy = E8F4A9BF2159707C008F807B /* PBXContainerItemProxy */;
		};
/* End PBXTargetDependency section */

/* Begin PBXVariantGroup section */
		E8F4A9B12159707A008F807B /* Main.storyboard */ = {
			isa = PBXVariantGroup;
			children = (
				E8F4A9B22159707A008F807B /* Base */,
			);
			name = Main.storyboard;
			sourceTree = "<group>";
		};
		E8F4A9B62159707C008F807B /* LaunchScreen.storyboard */ = {
			isa = PBXVariantGroup;
			children = (
				E8F4A9B72159707C008F807B /* Base */,
			);
			name = LaunchScreen.storyboard;
			sourceTree = "<group>";
		};
/* End PBXVariantGroup section */

/* Begin XCBuildConfiguration section */
		E8F4A9C52159707C008F807B /* Debug */ = {
			isa = XCBuildConfiguration;
			buildSettings = {
				ALWAYS_SEARCH_USER_PATHS = NO;
				CLANG_ANALYZER_NONNULL = YES;
				CLANG_ANALYZER_NUMBER_OBJECT_CONVERSION = YES_AGGRESSIVE;
				CLANG_CXX_LANGUAGE_STANDARD = "gnu++14";
				CLANG_CXX_LIBRARY = "libc++";
				CLANG_ENABLE_MODULES = YES;
				CLANG_ENABLE_OBJC_ARC = YES;
				CLANG_ENABLE_OBJC_WEAK = YES;
				CLANG_WARN_BLOCK_CAPTURE_AUTORELEASING = YES;
				CLANG_WARN_BOOL_CONVERSION = YES;
				CLANG_WARN_COMMA = YES;
				CLANG_WARN_CONSTANT_CONVERSION = YES;
				CLANG_WARN_DEPRECATED_OBJC_IMPLEMENTATIONS = YES;
				CLANG_WARN_DIRECT_OBJC_ISA_USAGE = YES_ERROR;
				CLANG_WARN_DOCUMENTATION_COMMENTS = YES;
				CLANG_WARN_EMPTY_BODY = YES;
				CLANG_WARN_ENUM_CONVERSION = YES;
				CLANG_WARN_INFINITE_RECURSION = YES;
				CLANG_WARN_INT_CONVERSION = YES;
				CLANG_WARN_NON_LITERAL_NULL_CONVERSION = YES;
				CLANG_WARN_OBJC_IMPLICIT_RETAIN_SELF = YES;
				CLANG_WARN_OBJC_LITERAL_CONVERSION = YES;
				CLANG_WARN_OBJC_ROOT_CLASS = YES_ERROR;
				CLANG_WARN_RANGE_LOOP_ANALYSIS = YES;
				CLANG_WARN_STRICT_PROTOTYPES = YES;
				CLANG_WARN_SUSPICIOUS_MOVE = YES;
				CLANG_WARN_UNGUARDED_AVAILABILITY = YES_AGGRESSIVE;
				CLANG_WARN_UNREACHABLE_CODE = YES;
				CLANG_WARN__DUPLICATE_METHOD_MATCH = YES;
				CODE_SIGN_IDENTITY = "iPhone Developer";
				COPY_PHASE_STRIP = NO;
				DEBUG_INFORMATION_FORMAT = dwarf;
				ENABLE_STRICT_OBJC_MSGSEND = YES;
				ENABLE_TESTABILITY = YES;
				GCC_C_LANGUAGE_STANDARD = gnu11;
				GCC_DYNAMIC_NO_PIC = NO;
				GCC_NO_COMMON_BLOCKS = YES;
				GCC_OPTIMIZATION_LEVEL = 0;
				GCC_PREPROCESSOR_DEFINITIONS = (
					"DEBUG=1",
					"$(inherited)",
				);
				GCC_WARN_64_TO_32_BIT_CONVERSION = YES;
				GCC_WARN_ABOUT_RETURN_TYPE = YES_ERROR;
				GCC_WARN_UNDECLARED_SELECTOR = YES;
				GCC_WARN_UNINITIALIZED_AUTOS = YES_AGGRESSIVE;
				GCC_WARN_UNUSED_FUNCTION = YES;
				GCC_WARN_UNUSED_VARIABLE = YES;
				IPHONEOS_DEPLOYMENT_TARGET = 12.0;
				MTL_ENABLE_DEBUG_INFO = INCLUDE_SOURCE;
				MTL_FAST_MATH = YES;
				ONLY_ACTIVE_ARCH = YES;
				SDKROOT = iphoneos;
				SWIFT_ACTIVE_COMPILATION_CONDITIONS = DEBUG;
				SWIFT_OPTIMIZATION_LEVEL = "-Onone";
			};
			name = Debug;
		};
		E8F4A9C62159707C008F807B /* Release */ = {
			isa = XCBuildConfiguration;
			buildSettings = {
				ALWAYS_SEARCH_USER_PATHS = NO;
				CLANG_ANALYZER_NONNULL = YES;
				CLANG_ANALYZER_NUMBER_OBJECT_CONVERSION = YES_AGGRESSIVE;
				CLANG_CXX_LANGUAGE_STANDARD = "gnu++14";
				CLANG_CXX_LIBRARY = "libc++";
				CLANG_ENABLE_MODULES = YES;
				CLANG_ENABLE_OBJC_ARC = YES;
				CLANG_ENABLE_OBJC_WEAK = YES;
				CLANG_WARN_BLOCK_CAPTURE_AUTORELEASING = YES;
				CLANG_WARN_BOOL_CONVERSION = YES;
				CLANG_WARN_COMMA = YES;
				CLANG_WARN_CONSTANT_CONVERSION = YES;
				CLANG_WARN_DEPRECATED_OBJC_IMPLEMENTATIONS = YES;
				CLANG_WARN_DIRECT_OBJC_ISA_USAGE = YES_ERROR;
				CLANG_WARN_DOCUMENTATION_COMMENTS = YES;
				CLANG_WARN_EMPTY_BODY = YES;
				CLANG_WARN_ENUM_CONVERSION = YES;
				CLANG_WARN_INFINITE_RECURSION = YES;
				CLANG_WARN_INT_CONVERSION = YES;
				CLANG_WARN_NON_LITERAL_NULL_CONVERSION = YES;
				CLANG_WARN_OBJC_IMPLICIT_RETAIN_SELF = YES;
				CLANG_WARN_OBJC_LITERAL_CONVERSION = YES;
				CLANG_WARN_OBJC_ROOT_CLASS = YES_ERROR;
				CLANG_WARN_RANGE_LOOP_ANALYSIS = YES;
				CLANG_WARN_STRICT_PROTOTYPES = YES;
				CLANG_WARN_SUSPICIOUS_MOVE = YES;
				CLANG_WARN_UNGUARDED_AVAILABILITY = YES_AGGRESSIVE;
				CLANG_WARN_UNREACHABLE_CODE = YES;
				CLANG_WARN__DUPLICATE_METHOD_MATCH = YES;
				CODE_SIGN_IDENTITY = "iPhone Developer";
				COPY_PHASE_STRIP = NO;
				DEBUG_INFORMATION_FORMAT = "dwarf-with-dsym";
				ENABLE_NS_ASSERTIONS = NO;
				ENABLE_STRICT_OBJC_MSGSEND = YES;
				GCC_C_LANGUAGE_STANDARD = gnu11;
				GCC_NO_COMMON_BLOCKS = YES;
				GCC_WARN_64_TO_32_BIT_CONVERSION = YES;
				GCC_WARN_ABOUT_RETURN_TYPE = YES_ERROR;
				GCC_WARN_UNDECLARED_SELECTOR = YES;
				GCC_WARN_UNINITIALIZED_AUTOS = YES_AGGRESSIVE;
				GCC_WARN_UNUSED_FUNCTION = YES;
				GCC_WARN_UNUSED_VARIABLE = YES;
				IPHONEOS_DEPLOYMENT_TARGET = 12.0;
				MTL_ENABLE_DEBUG_INFO = NO;
				MTL_FAST_MATH = YES;
				SDKROOT = iphoneos;
				SWIFT_COMPILATION_MODE = wholemodule;
				SWIFT_OPTIMIZATION_LEVEL = "-O";
				VALIDATE_PRODUCT = YES;
			};
			name = Release;
		};
		E8F4A9C82159707C008F807B /* Debug */ = {
			isa = XCBuildConfiguration;
			buildSettings = {
				ASSETCATALOG_COMPILER_APPICON_NAME = AppIcon;
				CODE_SIGN_STYLE = Automatic;
				DEVELOPMENT_TEAM = Y24464MUL3;
				FRAMEWORK_SEARCH_PATHS = (
					"$(inherited)",
					"$(PROJECT_DIR)/Carthage/Build/iOS",
				);
				INFOPLIST_FILE = CurrencyConverter/Application/Info.plist;
				IPHONEOS_DEPLOYMENT_TARGET = 11.0;
				LD_RUNPATH_SEARCH_PATHS = (
					"$(inherited)",
					"@executable_path/Frameworks",
				);
				PRODUCT_BUNDLE_IDENTIFIER = ru.akademon.CurrencyConverter;
				PRODUCT_NAME = "$(TARGET_NAME)";
				SWIFT_VERSION = 4.2;
				TARGETED_DEVICE_FAMILY = "1,2";
			};
			name = Debug;
		};
		E8F4A9C92159707C008F807B /* Release */ = {
			isa = XCBuildConfiguration;
			buildSettings = {
				ASSETCATALOG_COMPILER_APPICON_NAME = AppIcon;
				CODE_SIGN_STYLE = Automatic;
				DEVELOPMENT_TEAM = Y24464MUL3;
				FRAMEWORK_SEARCH_PATHS = (
					"$(inherited)",
					"$(PROJECT_DIR)/Carthage/Build/iOS",
				);
				INFOPLIST_FILE = CurrencyConverter/Application/Info.plist;
				IPHONEOS_DEPLOYMENT_TARGET = 11.0;
				LD_RUNPATH_SEARCH_PATHS = (
					"$(inherited)",
					"@executable_path/Frameworks",
				);
				PRODUCT_BUNDLE_IDENTIFIER = ru.akademon.CurrencyConverter;
				PRODUCT_NAME = "$(TARGET_NAME)";
				SWIFT_VERSION = 4.2;
				TARGETED_DEVICE_FAMILY = "1,2";
			};
			name = Release;
		};
		E8F4A9CB2159707C008F807B /* Debug */ = {
			isa = XCBuildConfiguration;
			buildSettings = {
				ALWAYS_EMBED_SWIFT_STANDARD_LIBRARIES = YES;
				BUNDLE_LOADER = "$(TEST_HOST)";
				CODE_SIGN_STYLE = Automatic;
				DEVELOPMENT_TEAM = Y24464MUL3;
				INFOPLIST_FILE = CurrencyConverterTests/Info.plist;
				LD_RUNPATH_SEARCH_PATHS = (
					"$(inherited)",
					"@executable_path/Frameworks",
					"@loader_path/Frameworks",
				);
				PRODUCT_BUNDLE_IDENTIFIER = ru.akademon.CurrencyConverterTests;
				PRODUCT_NAME = "$(TARGET_NAME)";
				SWIFT_VERSION = 4.2;
				TARGETED_DEVICE_FAMILY = "1,2";
				TEST_HOST = "$(BUILT_PRODUCTS_DIR)/CurrencyConverter.app/CurrencyConverter";
			};
			name = Debug;
		};
		E8F4A9CC2159707C008F807B /* Release */ = {
			isa = XCBuildConfiguration;
			buildSettings = {
				ALWAYS_EMBED_SWIFT_STANDARD_LIBRARIES = YES;
				BUNDLE_LOADER = "$(TEST_HOST)";
				CODE_SIGN_STYLE = Automatic;
				DEVELOPMENT_TEAM = Y24464MUL3;
				INFOPLIST_FILE = CurrencyConverterTests/Info.plist;
				LD_RUNPATH_SEARCH_PATHS = (
					"$(inherited)",
					"@executable_path/Frameworks",
					"@loader_path/Frameworks",
				);
				PRODUCT_BUNDLE_IDENTIFIER = ru.akademon.CurrencyConverterTests;
				PRODUCT_NAME = "$(TARGET_NAME)";
				SWIFT_VERSION = 4.2;
				TARGETED_DEVICE_FAMILY = "1,2";
				TEST_HOST = "$(BUILT_PRODUCTS_DIR)/CurrencyConverter.app/CurrencyConverter";
			};
			name = Release;
		};
/* End XCBuildConfiguration section */

/* Begin XCConfigurationList section */
		E8F4A9A521597079008F807B /* Build configuration list for PBXProject "CurrencyConverter" */ = {
			isa = XCConfigurationList;
			buildConfigurations = (
				E8F4A9C52159707C008F807B /* Debug */,
				E8F4A9C62159707C008F807B /* Release */,
			);
			defaultConfigurationIsVisible = 0;
			defaultConfigurationName = Release;
		};
		E8F4A9C72159707C008F807B /* Build configuration list for PBXNativeTarget "CurrencyConverter" */ = {
			isa = XCConfigurationList;
			buildConfigurations = (
				E8F4A9C82159707C008F807B /* Debug */,
				E8F4A9C92159707C008F807B /* Release */,
			);
			defaultConfigurationIsVisible = 0;
			defaultConfigurationName = Release;
		};
		E8F4A9CA2159707C008F807B /* Build configuration list for PBXNativeTarget "CurrencyConverterTests" */ = {
			isa = XCConfigurationList;
			buildConfigurations = (
				E8F4A9CB2159707C008F807B /* Debug */,
				E8F4A9CC2159707C008F807B /* Release */,
			);
			defaultConfigurationIsVisible = 0;
			defaultConfigurationName = Release;
		};
/* End XCConfigurationList section */
	};
	rootObject = E8F4A9A221597079008F807B /* Project object */;
}
